
Microsoft Visual Studio Solution File, Format Version 12.00
# Visual Studio Version 17
VisualStudioVersion = 17.11.35303.130
MinimumVisualStudioVersion = 10.0.40219.1
Project("{FAE04EC0-301F-11D3-BF4B-00C04F79EFBC}") = "BNB_WalletGenerator", "BNB_WalletGenerator\BNB_WalletGenerator.csproj", "{601E0FCC-2CAB-4CE0-A629-EA1AAC81B386}"
EndProject
Global
	GlobalSection(SolutionConfigurationPlatforms) = preSolution
		Debug|Any CPU = Debug|Any CPU
		Release|Any CPU = Release|Any CPU
	EndGlobalSection
	GlobalSection(ProjectConfigurationPlatforms) = postSolution
		{601E0FCC-2CAB-4CE0-A629-EA1AAC81B386}.Debug|Any CPU.ActiveCfg = Debug|Any CPU
		{601E0FCC-2CAB-4CE0-A629-EA1AAC81B386}.Debug|Any CPU.Build.0 = Debug|Any CPU
		{601E0FCC-2CAB-4CE0-A629-EA1AAC81B386}.Release|Any CPU.ActiveCfg = Release|Any CPU
		{601E0FCC-2CAB-4CE0-A629-EA1AAC81B386}.Release|Any CPU.Build.0 = Release|Any CPU
	EndGlobalSection
	GlobalSection(SolutionProperties) = preSolution
		HideSolutionNode = FALSE
	EndGlobalSection
	GlobalSection(ExtensibilityGlobals) = postSolution
		SolutionGuid = {E753682C-179E-4E15-95F8-82CDBA4E337C}
	EndGlobalSection
EndGlobal
